// !$*UTF8*$!
{
	archiveVersion = 1;
	classes = {
	};
	objectVersion = 48;
	objects = {

/* Begin PBXBuildFile section */
		65379ADD2097C50F003A92B1 /* AppDelegate.swift in Sources */ = {isa = PBXBuildFile; fileRef = 65379ADC2097C50F003A92B1 /* AppDelegate.swift */; };
		65379ADF2097C50F003A92B1 /* ViewController.swift in Sources */ = {isa = PBXBuildFile; fileRef = 65379ADE2097C50F003A92B1 /* ViewController.swift */; };
		65379AE22097C50F003A92B1 /* Main.storyboard in Resources */ = {isa = PBXBuildFile; fileRef = 65379AE02097C50F003A92B1 /* Main.storyboard */; };
		65379AE42097C50F003A92B1 /* Assets.xcassets in Resources */ = {isa = PBXBuildFile; fileRef = 65379AE32097C50F003A92B1 /* Assets.xcassets */; };
		65379AE72097C50F003A92B1 /* LaunchScreen.storyboard in Resources */ = {isa = PBXBuildFile; fileRef = 65379AE52097C50F003A92B1 /* LaunchScreen.storyboard */; };
		65379AEF2097C721003A92B1 /* Podfile in Resources */ = {isa = PBXBuildFile; fileRef = 65379AEE2097C721003A92B1 /* Podfile */; };
		65379AF62097DCF1003A92B1 /* TableViewCell.swift in Sources */ = {isa = PBXBuildFile; fileRef = 65379AF52097DCF1003A92B1 /* TableViewCell.swift */; };
		95C8BEF6EB564C16F6F0B9DC /* Pods_RavnTest.framework in Frameworks */ = {isa = PBXBuildFile; fileRef = FE57C037CC329739CDAD0D5C /* Pods_RavnTest.framework */; };
/* End PBXBuildFile section */

/* Begin PBXFileReference section */
		5126850960AB091455532EEC /* Pods-RavnTest.release.xcconfig */ = {isa = PBXFileReference; includeInIndex = 1; lastKnownFileType = text.xcconfig; name = "Pods-RavnTest.release.xcconfig"; path = "Pods/Target Support Files/Pods-RavnTest/Pods-RavnTest.release.xcconfig"; sourceTree = "<group>"; };
		65379AD92097C50F003A92B1 /* RavnTest.app */ = {isa = PBXFileReference; explicitFileType = wrapper.application; includeInIndex = 0; path = RavnTest.app; sourceTree = BUILT_PRODUCTS_DIR; };
		65379ADC2097C50F003A92B1 /* AppDelegate.swift */ = {isa = PBXFileReference; lastKnownFileType = sourcecode.swift; path = AppDelegate.swift; sourceTree = "<group>"; };
		65379ADE2097C50F003A92B1 /* ViewController.swift */ = {isa = PBXFileReference; lastKnownFileType = sourcecode.swift; path = ViewController.swift; sourceTree = "<group>"; };
		65379AE12097C50F003A92B1 /* Base */ = {isa = PBXFileReference; lastKnownFileType = file.storyboard; name = Base; path = Base.lproj/Main.storyboard; sourceTree = "<group>"; };
		65379AE32097C50F003A92B1 /* Assets.xcassets */ = {isa = PBXFileReference; lastKnownFileType = folder.assetcatalog; path = Assets.xcassets; sourceTree = "<group>"; };
		65379AE62097C50F003A92B1 /* Base */ = {isa = PBXFileReference; lastKnownFileType = file.storyboard; name = Base; path = Base.lproj/LaunchScreen.storyboard; sourceTree = "<group>"; };
		65379AE82097C50F003A92B1 /* Info.plist */ = {isa = PBXFileReference; lastKnownFileType = text.plist.xml; path = Info.plist; sourceTree = "<group>"; };
		65379AEE2097C721003A92B1 /* Podfile */ = {isa = PBXFileReference; lastKnownFileType = text; path = Podfile; sourceTree = "<group>"; xcLanguageSpecificationIdentifier = xcode.lang.ruby; };
		65379AF52097DCF1003A92B1 /* TableViewCell.swift */ = {isa = PBXFileReference; lastKnownFileType = sourcecode.swift; path = TableViewCell.swift; sourceTree = "<group>"; };
		DAEF20B3187E5AB90E74F752 /* Pods-RavnTest.debug.xcconfig */ = {isa = PBXFileReference; includeInIndex = 1; lastKnownFileType = text.xcconfig; name = "Pods-RavnTest.debug.xcconfig"; path = "Pods/Target Support Files/Pods-RavnTest/Pods-RavnTest.debug.xcconfig"; sourceTree = "<group>"; };
		FE57C037CC329739CDAD0D5C /* Pods_RavnTest.framework */ = {isa = PBXFileReference; explicitFileType = wrapper.framework; includeInIndex = 0; path = Pods_RavnTest.framework; sourceTree = BUILT_PRODUCTS_DIR; };
/* End PBXFileReference section */

/* Begin PBXFrameworksBuildPhase section */
		65379AD62097C50F003A92B1 /* Frameworks */ = {
			isa = PBXFrameworksBuildPhase;
			buildActionMask = 2147483647;
			files = (
				95C8BEF6EB564C16F6F0B9DC /* Pods_RavnTest.framework in Frameworks */,
			);
			runOnlyForDeploymentPostprocessing = 0;
		};
/* End PBXFrameworksBuildPhase section */

/* Begin PBXGroup section */
		5D436518C9176E1B75B8A1E5 /* Pods */ = {
			isa = PBXGroup;
			children = (
				DAEF20B3187E5AB90E74F752 /* Pods-RavnTest.debug.xcconfig */,
				5126850960AB091455532EEC /* Pods-RavnTest.release.xcconfig */,
			);
			name = Pods;
			sourceTree = "<group>";
		};
		65379AD02097C50F003A92B1 = {
			isa = PBXGroup;
			children = (
				65379ADB2097C50F003A92B1 /* RavnTest */,
				65379ADA2097C50F003A92B1 /* Products */,
				65379AEE2097C721003A92B1 /* Podfile */,
				5D436518C9176E1B75B8A1E5 /* Pods */,
				6FA532E71E346FBF6B72BE4A /* Frameworks */,
			);
			sourceTree = "<group>";
		};
		65379ADA2097C50F003A92B1 /* Products */ = {
			isa = PBXGroup;
			children = (
				65379AD92097C50F003A92B1 /* RavnTest.app */,
			);
			name = Products;
			sourceTree = "<group>";
		};
		65379ADB2097C50F003A92B1 /* RavnTest */ = {
			isa = PBXGroup;
			children = (
				65379AF02097CF73003A92B1 /* other */,
				65379ADE2097C50F003A92B1 /* ViewController.swift */,
				65379AE02097C50F003A92B1 /* Main.storyboard */,
				65379AE82097C50F003A92B1 /* Info.plist */,
				65379AF52097DCF1003A92B1 /* TableViewCell.swift */,
			);
			path = RavnTest;
			sourceTree = "<group>";
		};
		65379AF02097CF73003A92B1 /* other */ = {
			isa = PBXGroup;
			children = (
				65379ADC2097C50F003A92B1 /* AppDelegate.swift */,
				65379AE32097C50F003A92B1 /* Assets.xcassets */,
				65379AE52097C50F003A92B1 /* LaunchScreen.storyboard */,
			);
			path = other;
			sourceTree = "<group>";
		};
		6FA532E71E346FBF6B72BE4A /* Frameworks */ = {
			isa = PBXGroup;
			children = (
				FE57C037CC329739CDAD0D5C /* Pods_RavnTest.framework */,
			);
			name = Frameworks;
			sourceTree = "<group>";
		};
/* End PBXGroup section */

/* Begin PBXNativeTarget section */
		65379AD82097C50F003A92B1 /* RavnTest */ = {
			isa = PBXNativeTarget;
			buildConfigurationList = 65379AEB2097C50F003A92B1 /* Build configuration list for PBXNativeTarget "RavnTest" */;
			buildPhases = (
				FE0111E8A35512D888E5A201 /* [CP] Check Pods Manifest.lock */,
				65379AD52097C50F003A92B1 /* Sources */,
				65379AD62097C50F003A92B1 /* Frameworks */,
				65379AD72097C50F003A92B1 /* Resources */,
				AA6DBAFDB067FC8D595A83A3 /* [CP] Embed Pods Frameworks */,
			);
			buildRules = (
			);
			dependencies = (
			);
			name = RavnTest;
			productName = RavnTest;
			productReference = 65379AD92097C50F003A92B1 /* RavnTest.app */;
			productType = "com.apple.product-type.application";
		};
/* End PBXNativeTarget section */

/* Begin PBXProject section */
		65379AD12097C50F003A92B1 /* Project object */ = {
			isa = PBXProject;
			attributes = {
				LastSwiftUpdateCheck = 0920;
				LastUpgradeCheck = 0920;
				ORGANIZATIONNAME = "Daniel Siancas";
				TargetAttributes = {
					65379AD82097C50F003A92B1 = {
						CreatedOnToolsVersion = 9.2;
						ProvisioningStyle = Automatic;
					};
				};
			};
			buildConfigurationList = 65379AD42097C50F003A92B1 /* Build configuration list for PBXProject "RavnTest" */;
			compatibilityVersion = "Xcode 8.0";
			developmentRegion = en;
			hasScannedForEncodings = 0;
			knownRegions = (
				en,
				Base,
			);
			mainGroup = 65379AD02097C50F003A92B1;
			productRefGroup = 65379ADA2097C50F003A92B1 /* Products */;
			projectDirPath = "";
			projectRoot = "";
			targets = (
				65379AD82097C50F003A92B1 /* RavnTest */,
			);
		};
/* End PBXProject section */

/* Begin PBXResourcesBuildPhase section */
		65379AD72097C50F003A92B1 /* Resources */ = {
			isa = PBXResourcesBuildPhase;
			buildActionMask = 2147483647;
			files = (
				65379AE72097C50F003A92B1 /* LaunchScreen.storyboard in Resources */,
				65379AE42097C50F003A92B1 /* Assets.xcassets in Resources */,
				65379AEF2097C721003A92B1 /* Podfile in Resources */,
				65379AE22097C50F003A92B1 /* Main.storyboard in Resources */,
			);
			runOnlyForDeploymentPostprocessing = 0;
		};
/* End PBXResourcesBuildPhase section */

/* Begin PBXShellScriptBuildPhase section */
		AA6DBAFDB067FC8D595A83A3 /* [CP] Embed Pods Frameworks */ = {
			isa = PBXShellScriptBuildPhase;
			buildActionMask = 2147483647;
			files = (
			);
			inputPaths = (
				"${SRCROOT}/Pods/Target Support Files/Pods-RavnTest/Pods-RavnTest-frameworks.sh",
				"${BUILT_PRODUCTS_DIR}/Differentiator/Differentiator.framework",
				"${BUILT_PRODUCTS_DIR}/RxCocoa/RxCocoa.framework",
				"${BUILT_PRODUCTS_DIR}/RxDataSources/RxDataSources.framework",
				"${BUILT_PRODUCTS_DIR}/RxSwift/RxSwift.framework",
			);
			name = "[CP] Embed Pods Frameworks";
			outputPaths = (
				"${TARGET_BUILD_DIR}/${FRAMEWORKS_FOLDER_PATH}/Differentiator.framework",
				"${TARGET_BUILD_DIR}/${FRAMEWORKS_FOLDER_PATH}/RxCocoa.framework",
				"${TARGET_BUILD_DIR}/${FRAMEWORKS_FOLDER_PATH}/RxDataSources.framework",
				"${TARGET_BUILD_DIR}/${FRAMEWORKS_FOLDER_PATH}/RxSwift.framework",
			);
			runOnlyForDeploymentPostprocessing = 0;
			shellPath = /bin/sh;
			shellScript = "\"${SRCROOT}/Pods/Target Support Files/Pods-RavnTest/Pods-RavnTest-frameworks.sh\"\n";
			showEnvVarsInLog = 0;
		};
		FE0111E8A35512D888E5A201 /* [CP] Check Pods Manifest.lock */ = {
			isa = PBXShellScriptBuildPhase;
			buildActionMask = 2147483647;
			files = (
			);
			inputPaths = (
				"${PODS_PODFILE_DIR_PATH}/Podfile.lock",
				"${PODS_ROOT}/Manifest.lock",
			);
			name = "[CP] Check Pods Manifest.lock";
			outputPaths = (
				"$(DERIVED_FILE_DIR)/Pods-RavnTest-checkManifestLockResult.txt",
			);
			runOnlyForDeploymentPostprocessing = 0;
			shellPath = /bin/sh;
			shellScript = "diff \"${PODS_PODFILE_DIR_PATH}/Podfile.lock\" \"${PODS_ROOT}/Manifest.lock\" > /dev/null\nif [ $? != 0 ] ; then\n    # print error to STDERR\n    echo \"error: The sandbox is not in sync with the Podfile.lock. Run 'pod install' or update your CocoaPods installation.\" >&2\n    exit 1\nfi\n# This output is used by Xcode 'outputs' to avoid re-running this script phase.\necho \"SUCCESS\" > \"${SCRIPT_OUTPUT_FILE_0}\"\n";
			showEnvVarsInLog = 0;
		};
/* End PBXShellScriptBuildPhase section */

/* Begin PBXSourcesBuildPhase section */
		65379AD52097C50F003A92B1 /* Sources */ = {
			isa = PBXSourcesBuildPhase;
			buildActionMask = 2147483647;
			files = (
				65379AF62097DCF1003A92B1 /* TableViewCell.swift in Sources */,
				65379ADF2097C50F003A92B1 /* ViewController.swift in Sources */,
				65379ADD2097C50F003A92B1 /* AppDelegate.swift in Sources */,
			);
			runOnlyForDeploymentPostprocessing = 0;
		};
/* End PBXSourcesBuildPhase section */

/* Begin PBXVariantGroup section */
		65379AE02097C50F003A92B1 /* Main.storyboard */ = {
			isa = PBXVariantGroup;
			children = (
				65379AE12097C50F003A92B1 /* Base */,
			);
			name = Main.storyboard;
			sourceTree = "<group>";
		};
		65379AE52097C50F003A92B1 /* LaunchScreen.storyboard */ = {
			isa = PBXVariantGroup;
			children = (
				65379AE62097C50F003A92B1 /* Base */,
			);
			name = LaunchScreen.storyboard;
			sourceTree = "<group>";
		};
/* End PBXVariantGroup section */

/* Begin XCBuildConfiguration section */
		65379AE92097C50F003A92B1 /* Debug */ = {
			isa = XCBuildConfiguration;
			buildSettings = {
				ALWAYS_SEARCH_USER_PATHS = NO;
				CLANG_ANALYZER_NONNULL = YES;
				CLANG_ANALYZER_NUMBER_OBJECT_CONVERSION = YES_AGGRESSIVE;
				CLANG_CXX_LANGUAGE_STANDARD = "gnu++14";
				CLANG_CXX_LIBRARY = "libc++";
				CLANG_ENABLE_MODULES = YES;
				CLANG_ENABLE_OBJC_ARC = YES;
				CLANG_WARN_BLOCK_CAPTURE_AUTORELEASING = YES;
				CLANG_WARN_BOOL_CONVERSION = YES;
				CLANG_WARN_COMMA = YES;
				CLANG_WARN_CONSTANT_CONVERSION = YES;
				CLANG_WARN_DIRECT_OBJC_ISA_USAGE = YES_ERROR;
				CLANG_WARN_DOCUMENTATION_COMMENTS = YES;
				CLANG_WARN_EMPTY_BODY = YES;
				CLANG_WARN_ENUM_CONVERSION = YES;
				CLANG_WARN_INFINITE_RECURSION = YES;
				CLANG_WARN_INT_CONVERSION = YES;
				CLANG_WARN_NON_LITERAL_NULL_CONVERSION = YES;
				CLANG_WARN_OBJC_LITERAL_CONVERSION = YES;
				CLANG_WARN_OBJC_ROOT_CLASS = YES_ERROR;
				CLANG_WARN_RANGE_LOOP_ANALYSIS = YES;
				CLANG_WARN_STRICT_PROTOTYPES = YES;
				CLANG_WARN_SUSPICIOUS_MOVE = YES;
				CLANG_WARN_UNGUARDED_AVAILABILITY = YES_AGGRESSIVE;
				CLANG_WARN_UNREACHABLE_CODE = YES;
				CLANG_WARN__DUPLICATE_METHOD_MATCH = YES;
				CODE_SIGN_IDENTITY = "iPhone Developer";
				COPY_PHASE_STRIP = NO;
				DEBUG_INFORMATION_FORMAT = dwarf;
				ENABLE_STRICT_OBJC_MSGSEND = YES;
				ENABLE_TESTABILITY = YES;
				GCC_C_LANGUAGE_STANDARD = gnu11;
				GCC_DYNAMIC_NO_PIC = NO;
				GCC_NO_COMMON_BLOCKS = YES;
				GCC_OPTIMIZATION_LEVEL = 0;
				GCC_PREPROCESSOR_DEFINITIONS = (
					"DEBUG=1",
					"$(inherited)",
				);
				GCC_WARN_64_TO_32_BIT_CONVERSION = YES;
				GCC_WARN_ABOUT_RETURN_TYPE = YES_ERROR;
				GCC_WARN_UNDECLARED_SELECTOR = YES;
				GCC_WARN_UNINITIALIZED_AUTOS = YES_AGGRESSIVE;
				GCC_WARN_UNUSED_FUNCTION = YES;
				GCC_WARN_UNUSED_VARIABLE = YES;
				IPHONEOS_DEPLOYMENT_TARGET = 11.2;
				MTL_ENABLE_DEBUG_INFO = YES;
				ONLY_ACTIVE_ARCH = YES;
				SDKROOT = iphoneos;
				SWIFT_ACTIVE_COMPILATION_CONDITIONS = DEBUG;
				SWIFT_OPTIMIZATION_LEVEL = "-Onone";
			};
			name = Debug;
		};
		65379AEA2097C50F003A92B1 /* Release */ = {
			isa = XCBuildConfiguration;
			buildSettings = {
				ALWAYS_SEARCH_USER_PATHS = NO;
				CLANG_ANALYZER_NONNULL = YES;
				CLANG_ANALYZER_NUMBER_OBJECT_CONVERSION = YES_AGGRESSIVE;
				CLANG_CXX_LANGUAGE_STANDARD = "gnu++14";
				CLANG_CXX_LIBRARY = "libc++";
				CLANG_ENABLE_MODULES = YES;
				CLANG_ENABLE_OBJC_ARC = YES;
				CLANG_WARN_BLOCK_CAPTURE_AUTORELEASING = YES;
				CLANG_WARN_BOOL_CONVERSION = YES;
				CLANG_WARN_COMMA = YES;
				CLANG_WARN_CONSTANT_CONVERSION = YES;
				CLANG_WARN_DIRECT_OBJC_ISA_USAGE = YES_ERROR;
				CLANG_WARN_DOCUMENTATION_COMMENTS = YES;
				CLANG_WARN_EMPTY_BODY = YES;
				CLANG_WARN_ENUM_CONVERSION = YES;
				CLANG_WARN_INFINITE_RECURSION = YES;
				CLANG_WARN_INT_CONVERSION = YES;
				CLANG_WARN_NON_LITERAL_NULL_CONVERSION = YES;
				CLANG_WARN_OBJC_LITERAL_CONVERSION = YES;
				CLANG_WARN_OBJC_ROOT_CLASS = YES_ERROR;
				CLANG_WARN_RANGE_LOOP_ANALYSIS = YES;
				CLANG_WARN_STRICT_PROTOTYPES = YES;
				CLANG_WARN_SUSPICIOUS_MOVE = YES;
				CLANG_WARN_UNGUARDED_AVAILABILITY = YES_AGGRESSIVE;
				CLANG_WARN_UNREACHABLE_CODE = YES;
				CLANG_WARN__DUPLICATE_METHOD_MATCH = YES;
				CODE_SIGN_IDENTITY = "iPhone Developer";
				COPY_PHASE_STRIP = NO;
				DEBUG_INFORMATION_FORMAT = "dwarf-with-dsym";
				ENABLE_NS_ASSERTIONS = NO;
				ENABLE_STRICT_OBJC_MSGSEND = YES;
				GCC_C_LANGUAGE_STANDARD = gnu11;
				GCC_NO_COMMON_BLOCKS = YES;
				GCC_WARN_64_TO_32_BIT_CONVERSION = YES;
				GCC_WARN_ABOUT_RETURN_TYPE = YES_ERROR;
				GCC_WARN_UNDECLARED_SELECTOR = YES;
				GCC_WARN_UNINITIALIZED_AUTOS = YES_AGGRESSIVE;
				GCC_WARN_UNUSED_FUNCTION = YES;
				GCC_WARN_UNUSED_VARIABLE = YES;
				IPHONEOS_DEPLOYMENT_TARGET = 11.2;
				MTL_ENABLE_DEBUG_INFO = NO;
				SDKROOT = iphoneos;
				SWIFT_OPTIMIZATION_LEVEL = "-Owholemodule";
				VALIDATE_PRODUCT = YES;
			};
			name = Release;
		};
		65379AEC2097C50F003A92B1 /* Debug */ = {
			isa = XCBuildConfiguration;
			baseConfigurationReference = DAEF20B3187E5AB90E74F752 /* Pods-RavnTest.debug.xcconfig */;
			buildSettings = {
				ASSETCATALOG_COMPILER_APPICON_NAME = AppIcon;
				CODE_SIGN_STYLE = Automatic;
				DEVELOPMENT_TEAM = H9894JKLG5;
				INFOPLIST_FILE = RavnTest/Info.plist;
				LD_RUNPATH_SEARCH_PATHS = "$(inherited) @executable_path/Frameworks";
				PRODUCT_BUNDLE_IDENTIFIER = com.example.RavnTest;
				PRODUCT_NAME = "$(TARGET_NAME)";
				SWIFT_VERSION = 4.0;
				TARGETED_DEVICE_FAMILY = "1,2";
			};
			name = Debug;
		};
		65379AED2097C50F003A92B1 /* Release */ = {
			isa = XCBuildConfiguration;
			baseConfigurationReference = 5126850960AB091455532EEC /* Pods-RavnTest.release.xcconfig */;
			buildSettings = {
				ASSETCATALOG_COMPILER_APPICON_NAME = AppIcon;
				CODE_SIGN_STYLE = Automatic;
				DEVELOPMENT_TEAM = H9894JKLG5;
				INFOPLIST_FILE = RavnTest/Info.plist;
				LD_RUNPATH_SEARCH_PATHS = "$(inherited) @executable_path/Frameworks";
				PRODUCT_BUNDLE_IDENTIFIER = com.example.RavnTest;
				PRODUCT_NAME = "$(TARGET_NAME)";
				SWIFT_VERSION = 4.0;
				TARGETED_DEVICE_FAMILY = "1,2";
			};
			name = Release;
		};
/* End XCBuildConfiguration section */

/* Begin XCConfigurationList section */
		65379AD42097C50F003A92B1 /* Build configuration list for PBXProject "RavnTest" */ = {
			isa = XCConfigurationList;
			buildConfigurations = (
				65379AE92097C50F003A92B1 /* Debug */,
				65379AEA2097C50F003A92B1 /* Release */,
			);
			defaultConfigurationIsVisible = 0;
			defaultConfigurationName = Release;
		};
		65379AEB2097C50F003A92B1 /* Build configuration list for PBXNativeTarget "RavnTest" */ = {
			isa = XCConfigurationList;
			buildConfigurations = (
				65379AEC2097C50F003A92B1 /* Debug */,
				65379AED2097C50F003A92B1 /* Release */,
			);
			defaultConfigurationIsVisible = 0;
			defaultConfigurationName = Release;
		};
/* End XCConfigurationList section */
	};
	rootObject = 65379AD12097C50F003A92B1 /* Project object */;
}
